
Microsoft Visual Studio Solution File, Format Version 12.00
# Visual Studio Version 16
VisualStudioVersion = 16.0.30907.101
MinimumVisualStudioVersion = 10.0.40219.1
Project("{2150E333-8FDC-42A3-9474-1A3956D46DE8}") = "Api", "Api", "{6B8109D5-BE69-4247-871F-AB5BCC16182B}"
EndProject
Project("{2150E333-8FDC-42A3-9474-1A3956D46DE8}") = "Modules", "Modules", "{3C427CFF-5252-40DC-AB6B-3B3F2B66EC72}"
EndProject
Project("{2150E333-8FDC-42A3-9474-1A3956D46DE8}") = "Shared", "Shared", "{DE9B8E56-6B42-4889-974A-DE4128286CB6}"
EndProject
Project("{2150E333-8FDC-42A3-9474-1A3956D46DE8}") = "test", "test", "{ABB1CACA-26A0-44DB-9EFF-EEAB4B686F86}"
EndProject
Project("{2150E333-8FDC-42A3-9474-1A3956D46DE8}") = "ClientApp", "ClientApp", "{6FC6C08C-3867-4E5D-8047-1076CAB2CD3B}"
EndProject
Project("{9A19103F-16F7-4668-BE54-9A1E7A4F7556}") = "TtaApp.ClientApp", "TtaApp.ClientApp\TtaApp.ClientApp.csproj", "{4296A199-5B0F-48AC-9CEB-D1CC9023C815}"
EndProject
Project("{9A19103F-16F7-4668-BE54-9A1E7A4F7556}") = "TtaApp.Api", "TtaApp.Api\TtaApp.Api.csproj", "{C581D77F-EC8A-4892-A2EA-8DF46AF728CC}"
EndProject
Project("{2150E333-8FDC-42A3-9474-1A3956D46DE8}") = "Identity", "Identity", "{6195BC2A-7082-46F8-B7E0-CCE9EBA0B060}"
EndProject
Project("{9A19103F-16F7-4668-BE54-9A1E7A4F7556}") = "TtaApp.IdentityProvider", "Modules\Identity\TtaApp.IdentityProvider\TtaApp.IdentityProvider.csproj", "{436F4896-71EA-4DAF-8B32-12C353B6B94A}"
EndProject
Project("{2150E333-8FDC-42A3-9474-1A3956D46DE8}") = "Todo", "Todo", "{9C5DD1A2-FEA6-4E86-9ADE-BD70AB6C5F3C}"
EndProject
Project("{9A19103F-16F7-4668-BE54-9A1E7A4F7556}") = "TtaApp.Todo.Application", "Modules\Todo\TtaApp.Todo.Application\TtaApp.Todo.Application.csproj", "{E9440820-140F-4942-99E5-F08E48E78052}"
EndProject
Project("{9A19103F-16F7-4668-BE54-9A1E7A4F7556}") = "TtaApp.Todo.Api", "Modules\Todo\TtaApp.Todo.Api\TtaApp.Todo.Api.csproj", "{6528AAD1-B716-4D14-8CB3-22702493AB6C}"
EndProject
Project("{9A19103F-16F7-4668-BE54-9A1E7A4F7556}") = "TtaApp.Shared.Domain", "Shared\TtaApp.Shared.Domain\TtaApp.Shared.Domain.csproj", "{B11F9D14-DBBE-4046-9153-1FBD848FA45B}"
EndProject
Project("{9A19103F-16F7-4668-BE54-9A1E7A4F7556}") = "TtaApp.Shared.Application", "Shared\TtaApp.Shared.Application\TtaApp.Shared.Application.csproj", "{DA910E0C-2C6E-48EA-A9D7-5470AF31621F}"
EndProject
Project("{9A19103F-16F7-4668-BE54-9A1E7A4F7556}") = "TtaApp.Shared.Infrastructure", "Shared\TtaApp.Shared.Infrastructure\TtaApp.Shared.Infrastructure.csproj", "{31C3E142-CF62-45E0-AA64-823E2DE7F22A}"
EndProject
Project("{2150E333-8FDC-42A3-9474-1A3956D46DE8}") = "tests", "tests", "{6F8E6F9A-3AA0-4C29-886A-10D47FB31A1B}"
EndProject
Project("{9A19103F-16F7-4668-BE54-9A1E7A4F7556}") = "TtaApp.Todo.Domain", "Modules\Todo\TtaApp.Todo.Domain\TtaApp.Todo.Domain.csproj", "{FE067D3C-72EC-4BFB-8AB1-7E1BBEF44651}"
EndProject
Project("{9A19103F-16F7-4668-BE54-9A1E7A4F7556}") = "TtaApp.Todo.Infrastructure", "Modules\Todo\TtaApp.Todo.Infrastructure\TtaApp.Todo.Infrastructure.csproj", "{4DB22AF9-ED62-4348-859C-ECBA17329EB4}"
EndProject
Project("{9A19103F-16F7-4668-BE54-9A1E7A4F7556}") = "TtaApp.Todo.Tests.Unit", "Modules\Todo\tests\TtaApp.Todo.Tests.Unit\TtaApp.Todo.Tests.Unit.csproj", "{C3C8ED77-A05F-49DA-B57D-DF95B5C58E91}"
EndProject
Project("{9A19103F-16F7-4668-BE54-9A1E7A4F7556}") = "TtaApp.Shared.Tests.Unit", "Shared\tests\TtaApp.Shared.Tests.Unit\TtaApp.Shared.Tests.Unit.csproj", "{B9BA03B2-CA0D-4297-AC97-ADD21D7A83DE}"
EndProject
Project("{FAE04EC0-301F-11D3-BF4B-00C04F79EFBC}") = "TtaApp.Todo.Tests.Integration", "Modules\Todo\tests\TtaApp.Todo.Tests.Integration\TtaApp.Todo.Tests.Integration.csproj", "{2988824C-2264-439E-B11C-4714A2509E8D}"
EndProject
Project("{FAE04EC0-301F-11D3-BF4B-00C04F79EFBC}") = "TtaApp.Todo.Tests.Shared", "TtaApp.Todo.Tests.Shared\TtaApp.Todo.Tests.Shared.csproj", "{9AF76EDA-5D9D-4B94-945F-2ED180F15FE4}"
EndProject
Global
	GlobalSection(SolutionConfigurationPlatforms) = preSolution
		Debug|Any CPU = Debug|Any CPU
		Release|Any CPU = Release|Any CPU
	EndGlobalSection
	GlobalSection(ProjectConfigurationPlatforms) = postSolution
		{4296A199-5B0F-48AC-9CEB-D1CC9023C815}.Debug|Any CPU.ActiveCfg = Debug|Any CPU
		{4296A199-5B0F-48AC-9CEB-D1CC9023C815}.Debug|Any CPU.Build.0 = Debug|Any CPU
		{4296A199-5B0F-48AC-9CEB-D1CC9023C815}.Release|Any CPU.ActiveCfg = Release|Any CPU
		{4296A199-5B0F-48AC-9CEB-D1CC9023C815}.Release|Any CPU.Build.0 = Release|Any CPU
		{C581D77F-EC8A-4892-A2EA-8DF46AF728CC}.Debug|Any CPU.ActiveCfg = Debug|Any CPU
		{C581D77F-EC8A-4892-A2EA-8DF46AF728CC}.Debug|Any CPU.Build.0 = Debug|Any CPU
		{C581D77F-EC8A-4892-A2EA-8DF46AF728CC}.Release|Any CPU.ActiveCfg = Release|Any CPU
		{C581D77F-EC8A-4892-A2EA-8DF46AF728CC}.Release|Any CPU.Build.0 = Release|Any CPU
		{436F4896-71EA-4DAF-8B32-12C353B6B94A}.Debug|Any CPU.ActiveCfg = Debug|Any CPU
		{436F4896-71EA-4DAF-8B32-12C353B6B94A}.Debug|Any CPU.Build.0 = Debug|Any CPU
		{436F4896-71EA-4DAF-8B32-12C353B6B94A}.Release|Any CPU.ActiveCfg = Release|Any CPU
		{436F4896-71EA-4DAF-8B32-12C353B6B94A}.Release|Any CPU.Build.0 = Release|Any CPU
		{E9440820-140F-4942-99E5-F08E48E78052}.Debug|Any CPU.ActiveCfg = Debug|Any CPU
		{E9440820-140F-4942-99E5-F08E48E78052}.Debug|Any CPU.Build.0 = Debug|Any CPU
		{E9440820-140F-4942-99E5-F08E48E78052}.Release|Any CPU.ActiveCfg = Release|Any CPU
		{E9440820-140F-4942-99E5-F08E48E78052}.Release|Any CPU.Build.0 = Release|Any CPU
		{6528AAD1-B716-4D14-8CB3-22702493AB6C}.Debug|Any CPU.ActiveCfg = Debug|Any CPU
		{6528AAD1-B716-4D14-8CB3-22702493AB6C}.Debug|Any CPU.Build.0 = Debug|Any CPU
		{6528AAD1-B716-4D14-8CB3-22702493AB6C}.Release|Any CPU.ActiveCfg = Release|Any CPU
		{6528AAD1-B716-4D14-8CB3-22702493AB6C}.Release|Any CPU.Build.0 = Release|Any CPU
		{B11F9D14-DBBE-4046-9153-1FBD848FA45B}.Debug|Any CPU.ActiveCfg = Debug|Any CPU
		{B11F9D14-DBBE-4046-9153-1FBD848FA45B}.Debug|Any CPU.Build.0 = Debug|Any CPU
		{B11F9D14-DBBE-4046-9153-1FBD848FA45B}.Release|Any CPU.ActiveCfg = Release|Any CPU
		{B11F9D14-DBBE-4046-9153-1FBD848FA45B}.Release|Any CPU.Build.0 = Release|Any CPU
		{DA910E0C-2C6E-48EA-A9D7-5470AF31621F}.Debug|Any CPU.ActiveCfg = Debug|Any CPU
		{DA910E0C-2C6E-48EA-A9D7-5470AF31621F}.Debug|Any CPU.Build.0 = Debug|Any CPU
		{DA910E0C-2C6E-48EA-A9D7-5470AF31621F}.Release|Any CPU.ActiveCfg = Release|Any CPU
		{DA910E0C-2C6E-48EA-A9D7-5470AF31621F}.Release|Any CPU.Build.0 = Release|Any CPU
		{31C3E142-CF62-45E0-AA64-823E2DE7F22A}.Debug|Any CPU.ActiveCfg = Debug|Any CPU
		{31C3E142-CF62-45E0-AA64-823E2DE7F22A}.Debug|Any CPU.Build.0 = Debug|Any CPU
		{31C3E142-CF62-45E0-AA64-823E2DE7F22A}.Release|Any CPU.ActiveCfg = Release|Any CPU
		{31C3E142-CF62-45E0-AA64-823E2DE7F22A}.Release|Any CPU.Build.0 = Release|Any CPU
		{FE067D3C-72EC-4BFB-8AB1-7E1BBEF44651}.Debug|Any CPU.ActiveCfg = Debug|Any CPU
		{FE067D3C-72EC-4BFB-8AB1-7E1BBEF44651}.Debug|Any CPU.Build.0 = Debug|Any CPU
		{FE067D3C-72EC-4BFB-8AB1-7E1BBEF44651}.Release|Any CPU.ActiveCfg = Release|Any CPU
		{FE067D3C-72EC-4BFB-8AB1-7E1BBEF44651}.Release|Any CPU.Build.0 = Release|Any CPU
		{4DB22AF9-ED62-4348-859C-ECBA17329EB4}.Debug|Any CPU.ActiveCfg = Debug|Any CPU
		{4DB22AF9-ED62-4348-859C-ECBA17329EB4}.Debug|Any CPU.Build.0 = Debug|Any CPU
		{4DB22AF9-ED62-4348-859C-ECBA17329EB4}.Release|Any CPU.ActiveCfg = Release|Any CPU
		{4DB22AF9-ED62-4348-859C-ECBA17329EB4}.Release|Any CPU.Build.0 = Release|Any CPU
		{C3C8ED77-A05F-49DA-B57D-DF95B5C58E91}.Debug|Any CPU.ActiveCfg = Debug|Any CPU
		{C3C8ED77-A05F-49DA-B57D-DF95B5C58E91}.Debug|Any CPU.Build.0 = Debug|Any CPU
		{C3C8ED77-A05F-49DA-B57D-DF95B5C58E91}.Release|Any CPU.ActiveCfg = Release|Any CPU
		{C3C8ED77-A05F-49DA-B57D-DF95B5C58E91}.Release|Any CPU.Build.0 = Release|Any CPU
		{B9BA03B2-CA0D-4297-AC97-ADD21D7A83DE}.Debug|Any CPU.ActiveCfg = Debug|Any CPU
		{B9BA03B2-CA0D-4297-AC97-ADD21D7A83DE}.Debug|Any CPU.Build.0 = Debug|Any CPU
		{B9BA03B2-CA0D-4297-AC97-ADD21D7A83DE}.Release|Any CPU.ActiveCfg = Release|Any CPU
		{B9BA03B2-CA0D-4297-AC97-ADD21D7A83DE}.Release|Any CPU.Build.0 = Release|Any CPU
		{2988824C-2264-439E-B11C-4714A2509E8D}.Debug|Any CPU.ActiveCfg = Debug|Any CPU
		{2988824C-2264-439E-B11C-4714A2509E8D}.Debug|Any CPU.Build.0 = Debug|Any CPU
		{2988824C-2264-439E-B11C-4714A2509E8D}.Release|Any CPU.ActiveCfg = Release|Any CPU
		{2988824C-2264-439E-B11C-4714A2509E8D}.Release|Any CPU.Build.0 = Release|Any CPU
		{9AF76EDA-5D9D-4B94-945F-2ED180F15FE4}.Debug|Any CPU.ActiveCfg = Debug|Any CPU
		{9AF76EDA-5D9D-4B94-945F-2ED180F15FE4}.Debug|Any CPU.Build.0 = Debug|Any CPU
		{9AF76EDA-5D9D-4B94-945F-2ED180F15FE4}.Release|Any CPU.ActiveCfg = Release|Any CPU
		{9AF76EDA-5D9D-4B94-945F-2ED180F15FE4}.Release|Any CPU.Build.0 = Release|Any CPU
	EndGlobalSection
	GlobalSection(SolutionProperties) = preSolution
		HideSolutionNode = FALSE
	EndGlobalSection
	GlobalSection(NestedProjects) = preSolution
		{ABB1CACA-26A0-44DB-9EFF-EEAB4B686F86} = {DE9B8E56-6B42-4889-974A-DE4128286CB6}
		{4296A199-5B0F-48AC-9CEB-D1CC9023C815} = {6FC6C08C-3867-4E5D-8047-1076CAB2CD3B}
		{C581D77F-EC8A-4892-A2EA-8DF46AF728CC} = {6B8109D5-BE69-4247-871F-AB5BCC16182B}
		{6195BC2A-7082-46F8-B7E0-CCE9EBA0B060} = {3C427CFF-5252-40DC-AB6B-3B3F2B66EC72}
		{436F4896-71EA-4DAF-8B32-12C353B6B94A} = {6195BC2A-7082-46F8-B7E0-CCE9EBA0B060}
		{9C5DD1A2-FEA6-4E86-9ADE-BD70AB6C5F3C} = {3C427CFF-5252-40DC-AB6B-3B3F2B66EC72}
		{E9440820-140F-4942-99E5-F08E48E78052} = {9C5DD1A2-FEA6-4E86-9ADE-BD70AB6C5F3C}
		{6528AAD1-B716-4D14-8CB3-22702493AB6C} = {9C5DD1A2-FEA6-4E86-9ADE-BD70AB6C5F3C}
		{B11F9D14-DBBE-4046-9153-1FBD848FA45B} = {DE9B8E56-6B42-4889-974A-DE4128286CB6}
		{DA910E0C-2C6E-48EA-A9D7-5470AF31621F} = {DE9B8E56-6B42-4889-974A-DE4128286CB6}
		{31C3E142-CF62-45E0-AA64-823E2DE7F22A} = {DE9B8E56-6B42-4889-974A-DE4128286CB6}
		{6F8E6F9A-3AA0-4C29-886A-10D47FB31A1B} = {9C5DD1A2-FEA6-4E86-9ADE-BD70AB6C5F3C}
		{FE067D3C-72EC-4BFB-8AB1-7E1BBEF44651} = {9C5DD1A2-FEA6-4E86-9ADE-BD70AB6C5F3C}
		{4DB22AF9-ED62-4348-859C-ECBA17329EB4} = {9C5DD1A2-FEA6-4E86-9ADE-BD70AB6C5F3C}
		{C3C8ED77-A05F-49DA-B57D-DF95B5C58E91} = {6F8E6F9A-3AA0-4C29-886A-10D47FB31A1B}
		{B9BA03B2-CA0D-4297-AC97-ADD21D7A83DE} = {ABB1CACA-26A0-44DB-9EFF-EEAB4B686F86}
		{2988824C-2264-439E-B11C-4714A2509E8D} = {6F8E6F9A-3AA0-4C29-886A-10D47FB31A1B}
		{9AF76EDA-5D9D-4B94-945F-2ED180F15FE4} = {6F8E6F9A-3AA0-4C29-886A-10D47FB31A1B}
	EndGlobalSection
	GlobalSection(ExtensibilityGlobals) = postSolution
		SolutionGuid = {2268C9F3-BE1C-474D-80D6-23E58934F0CC}
	EndGlobalSection
EndGlobal
